
Microsoft Visual Studio Solution File, Format Version 12.00
# Visual Studio Version 17
VisualStudioVersion = 17.6.33723.286
MinimumVisualStudioVersion = 10.0.40219.1
Project("{FAE04EC0-301F-11D3-BF4B-00C04F79EFBC}") = "MedicalCabinetAPI", "MedicalCabinetAPI.csproj", "{78857089-E002-428D-8157-762178D035CA}"
EndProject
Project("{FAE04EC0-301F-11D3-BF4B-00C04F79EFBC}") = "MedicalCabinetDataLayer", "..\MedicalCabinetDataLayer\MedicalCabinetDataLayer.csproj", "{654E3632-5D9D-41B8-AB48-5C16C10348F3}"
EndProject
Project("{FAE04EC0-301F-11D3-BF4B-00C04F79EFBC}") = "MedicalCabinetBusinessLogic", "..\MedicalCabinetBusinessLogic\MedicalCabinetBusinessLogic.csproj", "{0AE6B3DD-5BB6-483F-95BB-81EC1565057C}"
EndProject
Global
	GlobalSection(SolutionConfigurationPlatforms) = preSolution
		Debug|Any CPU = Debug|Any CPU
		Release|Any CPU = Release|Any CPU
	EndGlobalSection
	GlobalSection(ProjectConfigurationPlatforms) = postSolution
		{78857089-E002-428D-8157-762178D035CA}.Debug|Any CPU.ActiveCfg = Debug|Any CPU
		{78857089-E002-428D-8157-762178D035CA}.Debug|Any CPU.Build.0 = Debug|Any CPU
		{78857089-E002-428D-8157-762178D035CA}.Release|Any CPU.ActiveCfg = Release|Any CPU
		{78857089-E002-428D-8157-762178D035CA}.Release|Any CPU.Build.0 = Release|Any CPU
		{654E3632-5D9D-41B8-AB48-5C16C10348F3}.Debug|Any CPU.ActiveCfg = Debug|Any CPU
		{654E3632-5D9D-41B8-AB48-5C16C10348F3}.Debug|Any CPU.Build.0 = Debug|Any CPU
		{654E3632-5D9D-41B8-AB48-5C16C10348F3}.Release|Any CPU.ActiveCfg = Release|Any CPU
		{654E3632-5D9D-41B8-AB48-5C16C10348F3}.Release|Any CPU.Build.0 = Release|Any CPU
		{0AE6B3DD-5BB6-483F-95BB-81EC1565057C}.Debug|Any CPU.ActiveCfg = Debug|Any CPU
		{0AE6B3DD-5BB6-483F-95BB-81EC1565057C}.Debug|Any CPU.Build.0 = Debug|Any CPU
		{0AE6B3DD-5BB6-483F-95BB-81EC1565057C}.Release|Any CPU.ActiveCfg = Release|Any CPU
		{0AE6B3DD-5BB6-483F-95BB-81EC1565057C}.Release|Any CPU.Build.0 = Release|Any CPU
	EndGlobalSection
	GlobalSection(SolutionProperties) = preSolution
		HideSolutionNode = FALSE
	EndGlobalSection
	GlobalSection(ExtensibilityGlobals) = postSolution
		SolutionGuid = {4945730A-1D7E-4881-A9CC-5F95BF6505B7}
	EndGlobalSection
EndGlobal
